PODS:
  - GoogleMaps (2.7.0):
    - GoogleMaps/Maps (= 2.7.0)
  - GoogleMaps/Base (2.7.0)
  - GoogleMaps/Maps (2.7.0):
    - GoogleMaps/Base
  - MapView (0.1.0)

DEPENDENCIES:
  - GoogleMaps
  - MapView (from `../`)

SPEC REPOS:
  https://github.com/cocoapods/specs.git:
    - GoogleMaps

EXTERNAL SOURCES:
  MapView:
    :path: "../"

SPEC CHECKSUMS:
  GoogleMaps: f79af95cb24d869457b1f961c93d3ce8b2f3b848
  MapView: ec51d0b6e3ac963da176a6dd3f8076f4b4d4613b

PODFILE CHECKSUM: c8dc2358e7552a3fec74cef9b3d8434316ecfcf6

COCOAPODS: 1.5.2
